// !$*UTF8*$!
{
	archiveVersion = 1;
	classes = {
	};
	objectVersion = 50;
	objects = {

/* Begin PBXBuildFile section */
		97988C282670DFE1001B3D21 /* AppDelegate.swift in Sources */ = {isa = PBXBuildFile; fileRef = 97988C272670DFE1001B3D21 /* AppDelegate.swift */; };
		97988C2A2670DFE1001B3D21 /* SceneDelegate.swift in Sources */ = {isa = PBXBuildFile; fileRef = 97988C292670DFE1001B3D21 /* SceneDelegate.swift */; };
		97988C2C2670DFE1001B3D21 /* ViewController.swift in Sources */ = {isa = PBXBuildFile; fileRef = 97988C2B2670DFE1001B3D21 /* ViewController.swift */; };
		97988C2F2670DFE1001B3D21 /* Main.storyboard in Resources */ = {isa = PBXBuildFile; fileRef = 97988C2D2670DFE1001B3D21 /* Main.storyboard */; };
		97988C312670DFE2001B3D21 /* Assets.xcassets in Resources */ = {isa = PBXBuildFile; fileRef = 97988C302670DFE2001B3D21 /* Assets.xcassets */; };
		97988C342670DFE2001B3D21 /* LaunchScreen.storyboard in Resources */ = {isa = PBXBuildFile; fileRef = 97988C322670DFE2001B3D21 /* LaunchScreen.storyboard */; };
		97988C3D2670E09C001B3D21 /* Photo.swift in Sources */ = {isa = PBXBuildFile; fileRef = 97988C3C2670E09C001B3D21 /* Photo.swift */; };
		97988C402670FBFF001B3D21 /* DetailViewController.swift in Sources */ = {isa = PBXBuildFile; fileRef = 97988C3F2670FBFF001B3D21 /* DetailViewController.swift */; };
/* End PBXBuildFile section */

/* Begin PBXFileReference section */
		97988C242670DFE1001B3D21 /* Project_101112.app */ = {isa = PBXFileReference; explicitFileType = wrapper.application; includeInIndex = 0; path = Project_101112.app; sourceTree = BUILT_PRODUCTS_DIR; };
		97988C272670DFE1001B3D21 /* AppDelegate.swift */ = {isa = PBXFileReference; lastKnownFileType = sourcecode.swift; path = AppDelegate.swift; sourceTree = "<group>"; };
		97988C292670DFE1001B3D21 /* SceneDelegate.swift */ = {isa = PBXFileReference; lastKnownFileType = sourcecode.swift; path = SceneDelegate.swift; sourceTree = "<group>"; };
		97988C2B2670DFE1001B3D21 /* ViewController.swift */ = {isa = PBXFileReference; lastKnownFileType = sourcecode.swift; path = ViewController.swift; sourceTree = "<group>"; };
		97988C2E2670DFE1001B3D21 /* Base */ = {isa = PBXFileReference; lastKnownFileType = file.storyboard; name = Base; path = Base.lproj/Main.storyboard; sourceTree = "<group>"; };
		97988C302670DFE2001B3D21 /* Assets.xcassets */ = {isa = PBXFileReference; lastKnownFileType = folder.assetcatalog; path = Assets.xcassets; sourceTree = "<group>"; };
		97988C332670DFE2001B3D21 /* Base */ = {isa = PBXFileReference; lastKnownFileType = file.storyboard; name = Base; path = Base.lproj/LaunchScreen.storyboard; sourceTree = "<group>"; };
		97988C352670DFE2001B3D21 /* Info.plist */ = {isa = PBXFileReference; lastKnownFileType = text.plist.xml; path = Info.plist; sourceTree = "<group>"; };
		97988C3C2670E09C001B3D21 /* Photo.swift */ = {isa = PBXFileReference; lastKnownFileType = sourcecode.swift; path = Photo.swift; sourceTree = "<group>"; };
		97988C3F2670FBFF001B3D21 /* DetailViewController.swift */ = {isa = PBXFileReference; lastKnownFileType = sourcecode.swift; path = DetailViewController.swift; sourceTree = "<group>"; };
/* End PBXFileReference section */

/* Begin PBXFrameworksBuildPhase section */
		97988C212670DFE1001B3D21 /* Frameworks */ = {
			isa = PBXFrameworksBuildPhase;
			buildActionMask = 2147483647;
			files = (
			);
			runOnlyForDeploymentPostprocessing = 0;
		};
/* End PBXFrameworksBuildPhase section */

/* Begin PBXGroup section */
		97988C1B2670DFE1001B3D21 = {
			isa = PBXGroup;
			children = (
				97988C262670DFE1001B3D21 /* Project_101112 */,
				97988C252670DFE1001B3D21 /* Products */,
			);
			sourceTree = "<group>";
		};
		97988C252670DFE1001B3D21 /* Products */ = {
			isa = PBXGroup;
			children = (
				97988C242670DFE1001B3D21 /* Project_101112.app */,
			);
			name = Products;
			sourceTree = "<group>";
		};
		97988C262670DFE1001B3D21 /* Project_101112 */ = {
			isa = PBXGroup;
			children = (
				97988C272670DFE1001B3D21 /* AppDelegate.swift */,
				97988C292670DFE1001B3D21 /* SceneDelegate.swift */,
				97988C3F2670FBFF001B3D21 /* DetailViewController.swift */,
				97988C2B2670DFE1001B3D21 /* ViewController.swift */,
				97988C3C2670E09C001B3D21 /* Photo.swift */,
				97988C2D2670DFE1001B3D21 /* Main.storyboard */,
				97988C302670DFE2001B3D21 /* Assets.xcassets */,
				97988C322670DFE2001B3D21 /* LaunchScreen.storyboard */,
				97988C352670DFE2001B3D21 /* Info.plist */,
			);
			path = Project_101112;
			sourceTree = "<group>";
		};
/* End PBXGroup section */

/* Begin PBXNativeTarget section */
		97988C232670DFE1001B3D21 /* Project_101112 */ = {
			isa = PBXNativeTarget;
			buildConfigurationList = 97988C382670DFE2001B3D21 /* Build configuration list for PBXNativeTarget "Project_101112" */;
			buildPhases = (
				97988C202670DFE1001B3D21 /* Sources */,
				97988C212670DFE1001B3D21 /* Frameworks */,
				97988C222670DFE1001B3D21 /* Resources */,
			);
			buildRules = (
			);
			dependencies = (
			);
			name = Project_101112;
			productName = Project_101112;
			productReference = 97988C242670DFE1001B3D21 /* Project_101112.app */;
			productType = "com.apple.product-type.application";
		};
/* End PBXNativeTarget section */

/* Begin PBXProject section */
		97988C1C2670DFE1001B3D21 /* Project object */ = {
			isa = PBXProject;
			attributes = {
				LastSwiftUpdateCheck = 1240;
				LastUpgradeCheck = 1240;
				TargetAttributes = {
					97988C232670DFE1001B3D21 = {
						CreatedOnToolsVersion = 12.4;
					};
				};
			};
			buildConfigurationList = 97988C1F2670DFE1001B3D21 /* Build configuration list for PBXProject "Project_101112" */;
			compatibilityVersion = "Xcode 9.3";
			developmentRegion = en;
			hasScannedForEncodings = 0;
			knownRegions = (
				en,
				Base,
			);
			mainGroup = 97988C1B2670DFE1001B3D21;
			productRefGroup = 97988C252670DFE1001B3D21 /* Products */;
			projectDirPath = "";
			projectRoot = "";
			targets = (
				97988C232670DFE1001B3D21 /* Project_101112 */,
			);
		};
/* End PBXProject section */

/* Begin PBXResourcesBuildPhase section */
		97988C222670DFE1001B3D21 /* Resources */ = {
			isa = PBXResourcesBuildPhase;
			buildActionMask = 2147483647;
			files = (
				97988C342670DFE2001B3D21 /* LaunchScreen.storyboard in Resources */,
				97988C312670DFE2001B3D21 /* Assets.xcassets in Resources */,
				97988C2F2670DFE1001B3D21 /* Main.storyboard in Resources */,
			);
			runOnlyForDeploymentPostprocessing = 0;
		};
/* End PBXResourcesBuildPhase section */

/* Begin PBXSourcesBuildPhase section */
		97988C202670DFE1001B3D21 /* Sources */ = {
			isa = PBXSourcesBuildPhase;
			buildActionMask = 2147483647;
			files = (
				97988C3D2670E09C001B3D21 /* Photo.swift in Sources */,
				97988C2C2670DFE1001B3D21 /* ViewController.swift in Sources */,
				97988C402670FBFF001B3D21 /* DetailViewController.swift in Sources */,
				97988C282670DFE1001B3D21 /* AppDelegate.swift in Sources */,
				97988C2A2670DFE1001B3D21 /* SceneDelegate.swift in Sources */,
			);
			runOnlyForDeploymentPostprocessing = 0;
		};
/* End PBXSourcesBuildPhase section */

/* Begin PBXVariantGroup section */
		97988C2D2670DFE1001B3D21 /* Main.storyboard */ = {
			isa = PBXVariantGroup;
			children = (
				97988C2E2670DFE1001B3D21 /* Base */,
			);
			name = Main.storyboard;
			sourceTree = "<group>";
		};
		97988C322670DFE2001B3D21 /* LaunchScreen.storyboard */ = {
			isa = PBXVariantGroup;
			children = (
				97988C332670DFE2001B3D21 /* Base */,
			);
			name = LaunchScreen.storyboard;
			sourceTree = "<group>";
		};
/* End PBXVariantGroup section */

/* Begin XCBuildConfiguration section */
		97988C362670DFE2001B3D21 /* Debug */ = {
			isa = XCBuildConfiguration;
			buildSettings = {
				ALWAYS_SEARCH_USER_PATHS = NO;
				CLANG_ANALYZER_NONNULL = YES;
				CLANG_ANALYZER_NUMBER_OBJECT_CONVERSION = YES_AGGRESSIVE;
				CLANG_CXX_LANGUAGE_STANDARD = "gnu++14";
				CLANG_CXX_LIBRARY = "libc++";
				CLANG_ENABLE_MODULES = YES;
				CLANG_ENABLE_OBJC_ARC = YES;
				CLANG_ENABLE_OBJC_WEAK = YES;
				CLANG_WARN_BLOCK_CAPTURE_AUTORELEASING = YES;
				CLANG_WARN_BOOL_CONVERSION = YES;
				CLANG_WARN_COMMA = YES;
				CLANG_WARN_CONSTANT_CONVERSION = YES;
				CLANG_WARN_DEPRECATED_OBJC_IMPLEMENTATIONS = YES;
				CLANG_WARN_DIRECT_OBJC_ISA_USAGE = YES_ERROR;
				CLANG_WARN_DOCUMENTATION_COMMENTS = YES;
				CLANG_WARN_EMPTY_BODY = YES;
				CLANG_WARN_ENUM_CONVERSION = YES;
				CLANG_WARN_INFINITE_RECURSION = YES;
				CLANG_WARN_INT_CONVERSION = YES;
				CLANG_WARN_NON_LITERAL_NULL_CONVERSION = YES;
				CLANG_WARN_OBJC_IMPLICIT_RETAIN_SELF = YES;
				CLANG_WARN_OBJC_LITERAL_CONVERSION = YES;
				CLANG_WARN_OBJC_ROOT_CLASS = YES_ERROR;
				CLANG_WARN_QUOTED_INCLUDE_IN_FRAMEWORK_HEADER = YES;
				CLANG_WARN_RANGE_LOOP_ANALYSIS = YES;
				CLANG_WARN_STRICT_PROTOTYPES = YES;
				CLANG_WARN_SUSPICIOUS_MOVE = YES;
				CLANG_WARN_UNGUARDED_AVAILABILITY = YES_AGGRESSIVE;
				CLANG_WARN_UNREACHABLE_CODE = YES;
				CLANG_WARN__DUPLICATE_METHOD_MATCH = YES;
				COPY_PHASE_STRIP = NO;
				DEBUG_INFORMATION_FORMAT = dwarf;
				ENABLE_STRICT_OBJC_MSGSEND = YES;
				ENABLE_TESTABILITY = YES;
				GCC_C_LANGUAGE_STANDARD = gnu11;
				GCC_DYNAMIC_NO_PIC = NO;
				GCC_NO_COMMON_BLOCKS = YES;
				GCC_OPTIMIZATION_LEVEL = 0;
				GCC_PREPROCESSOR_DEFINITIONS = (
					"DEBUG=1",
					"$(inherited)",
				);
				GCC_WARN_64_TO_32_BIT_CONVERSION = YES;
				GCC_WARN_ABOUT_RETURN_TYPE = YES_ERROR;
				GCC_WARN_UNDECLARED_SELECTOR = YES;
				GCC_WARN_UNINITIALIZED_AUTOS = YES_AGGRESSIVE;
				GCC_WARN_UNUSED_FUNCTION = YES;
				GCC_WARN_UNUSED_VARIABLE = YES;
				IPHONEOS_DEPLOYMENT_TARGET = 14.4;
				MTL_ENABLE_DEBUG_INFO = INCLUDE_SOURCE;
				MTL_FAST_MATH = YES;
				ONLY_ACTIVE_ARCH = YES;
				SDKROOT = iphoneos;
				SWIFT_ACTIVE_COMPILATION_CONDITIONS = DEBUG;
				SWIFT_OPTIMIZATION_LEVEL = "-Onone";
			};
			name = Debug;
		};
		97988C372670DFE2001B3D21 /* Release */ = {
			isa = XCBuildConfiguration;
			buildSettings = {
				ALWAYS_SEARCH_USER_PATHS = NO;
				CLANG_ANALYZER_NONNULL = YES;
				CLANG_ANALYZER_NUMBER_OBJECT_CONVERSION = YES_AGGRESSIVE;
				CLANG_CXX_LANGUAGE_STANDARD = "gnu++14";
				CLANG_CXX_LIBRARY = "libc++";
				CLANG_ENABLE_MODULES = YES;
				CLANG_ENABLE_OBJC_ARC = YES;
				CLANG_ENABLE_OBJC_WEAK = YES;
				CLANG_WARN_BLOCK_CAPTURE_AUTORELEASING = YES;
				CLANG_WARN_BOOL_CONVERSION = YES;
				CLANG_WARN_COMMA = YES;
				CLANG_WARN_CONSTANT_CONVERSION = YES;
				CLANG_WARN_DEPRECATED_OBJC_IMPLEMENTATIONS = YES;
				CLANG_WARN_DIRECT_OBJC_ISA_USAGE = YES_ERROR;
				CLANG_WARN_DOCUMENTATION_COMMENTS = YES;
				CLANG_WARN_EMPTY_BODY = YES;
				CLANG_WARN_ENUM_CONVERSION = YES;
				CLANG_WARN_INFINITE_RECURSION = YES;
				CLANG_WARN_INT_CONVERSION = YES;
				CLANG_WARN_NON_LITERAL_NULL_CONVERSION = YES;
				CLANG_WARN_OBJC_IMPLICIT_RETAIN_SELF = YES;
				CLANG_WARN_OBJC_LITERAL_CONVERSION = YES;
				CLANG_WARN_OBJC_ROOT_CLASS = YES_ERROR;
				CLANG_WARN_QUOTED_INCLUDE_IN_FRAMEWORK_HEADER = YES;
				CLANG_WARN_RANGE_LOOP_ANALYSIS = YES;
				CLANG_WARN_STRICT_PROTOTYPES = YES;
				CLANG_WARN_SUSPICIOUS_MOVE = YES;
				CLANG_WARN_UNGUARDED_AVAILABILITY = YES_AGGRESSIVE;
				CLANG_WARN_UNREACHABLE_CODE = YES;
				CLANG_WARN__DUPLICATE_METHOD_MATCH = YES;
				COPY_PHASE_STRIP = NO;
				DEBUG_INFORMATION_FORMAT = "dwarf-with-dsym";
				ENABLE_NS_ASSERTIONS = NO;
				ENABLE_STRICT_OBJC_MSGSEND = YES;
				GCC_C_LANGUAGE_STANDARD = gnu11;
				GCC_NO_COMMON_BLOCKS = YES;
				GCC_WARN_64_TO_32_BIT_CONVERSION = YES;
				GCC_WARN_ABOUT_RETURN_TYPE = YES_ERROR;
				GCC_WARN_UNDECLARED_SELECTOR = YES;
				GCC_WARN_UNINITIALIZED_AUTOS = YES_AGGRESSIVE;
				GCC_WARN_UNUSED_FUNCTION = YES;
				GCC_WARN_UNUSED_VARIABLE = YES;
				IPHONEOS_DEPLOYMENT_TARGET = 14.4;
				MTL_ENABLE_DEBUG_INFO = NO;
				MTL_FAST_MATH = YES;
				SDKROOT = iphoneos;
				SWIFT_COMPILATION_MODE = wholemodule;
				SWIFT_OPTIMIZATION_LEVEL = "-O";
				VALIDATE_PRODUCT = YES;
			};
			name = Release;
		};
		97988C392670DFE2001B3D21 /* Debug */ = {
			isa = XCBuildConfiguration;
			buildSettings = {
				ASSETCATALOG_COMPILER_APPICON_NAME = AppIcon;
				ASSETCATALOG_COMPILER_GLOBAL_ACCENT_COLOR_NAME = AccentColor;
				CODE_SIGN_STYLE = Automatic;
				INFOPLIST_FILE = Project_101112/Info.plist;
				LD_RUNPATH_SEARCH_PATHS = (
					"$(inherited)",
					"@executable_path/Frameworks",
				);
				PRODUCT_BUNDLE_IDENTIFIER = "net.kizey.Project-101112";
				PRODUCT_NAME = "$(TARGET_NAME)";
				SWIFT_VERSION = 5.0;
				TARGETED_DEVICE_FAMILY = "1,2";
			};
			name = Debug;
		};
		97988C3A2670DFE2001B3D21 /* Release */ = {
			isa = XCBuildConfiguration;
			buildSettings = {
				ASSETCATALOG_COMPILER_APPICON_NAME = AppIcon;
				ASSETCATALOG_COMPILER_GLOBAL_ACCENT_COLOR_NAME = AccentColor;
				CODE_SIGN_STYLE = Automatic;
				INFOPLIST_FILE = Project_101112/Info.plist;
				LD_RUNPATH_SEARCH_PATHS = (
					"$(inherited)",
					"@executable_path/Frameworks",
				);
				PRODUCT_BUNDLE_IDENTIFIER = "net.kizey.Project-101112";
				PRODUCT_NAME = "$(TARGET_NAME)";
				SWIFT_VERSION = 5.0;
				TARGETED_DEVICE_FAMILY = "1,2";
			};
			name = Release;
		};
/* End XCBuildConfiguration section */

/* Begin XCConfigurationList section */
		97988C1F2670DFE1001B3D21 /* Build configuration list for PBXProject "Project_101112" */ = {
			isa = XCConfigurationList;
			buildConfigurations = (
				97988C362670DFE2001B3D21 /* Debug */,
				97988C372670DFE2001B3D21 /* Release */,
			);
			defaultConfigurationIsVisible = 0;
			defaultConfigurationName = Release;
		};
		97988C382670DFE2001B3D21 /* Build configuration list for PBXNativeTarget "Project_101112" */ = {
			isa = XCConfigurationList;
			buildConfigurations = (
				97988C392670DFE2001B3D21 /* Debug */,
				97988C3A2670DFE2001B3D21 /* Release */,
			);
			defaultConfigurationIsVisible = 0;
			defaultConfigurationName = Release;
		};
/* End XCConfigurationList section */
	};
	rootObject = 97988C1C2670DFE1001B3D21 /* Project object */;
}
